
Microsoft Visual Studio Solution File, Format Version 12.00
# Visual Studio Version 17
VisualStudioVersion = 17.7.34018.315
MinimumVisualStudioVersion = 10.0.40219.1
Project("{9A19103F-16F7-4668-BE54-9A1E7A4F7556}") = "Bookstore.WebApi", "Bookstore.WebApi.csproj", "{1162CBD4-8959-4F9C-AEA0-EA311B743E1B}"
EndProject
Project("{FAE04EC0-301F-11D3-BF4B-00C04F79EFBC}") = "BookStore1.Core", "..\BookStore1.Core\BookStore1.Core.csproj", "{22ADF467-585C-4326-AA4E-2495AE70D4F6}"
EndProject
Global
	GlobalSection(SolutionConfigurationPlatforms) = preSolution
		Debug|Any CPU = Debug|Any CPU
		Release|Any CPU = Release|Any CPU
	EndGlobalSection
	GlobalSection(ProjectConfigurationPlatforms) = postSolution
		{1162CBD4-8959-4F9C-AEA0-EA311B743E1B}.Debug|Any CPU.ActiveCfg = Debug|Any CPU
		{1162CBD4-8959-4F9C-AEA0-EA311B743E1B}.Debug|Any CPU.Build.0 = Debug|Any CPU
		{1162CBD4-8959-4F9C-AEA0-EA311B743E1B}.Release|Any CPU.ActiveCfg = Release|Any CPU
		{1162CBD4-8959-4F9C-AEA0-EA311B743E1B}.Release|Any CPU.Build.0 = Release|Any CPU
		{22ADF467-585C-4326-AA4E-2495AE70D4F6}.Debug|Any CPU.ActiveCfg = Debug|Any CPU
		{22ADF467-585C-4326-AA4E-2495AE70D4F6}.Debug|Any CPU.Build.0 = Debug|Any CPU
		{22ADF467-585C-4326-AA4E-2495AE70D4F6}.Release|Any CPU.ActiveCfg = Release|Any CPU
		{22ADF467-585C-4326-AA4E-2495AE70D4F6}.Release|Any CPU.Build.0 = Release|Any CPU
	EndGlobalSection
	GlobalSection(SolutionProperties) = preSolution
		HideSolutionNode = FALSE
	EndGlobalSection
	GlobalSection(ExtensibilityGlobals) = postSolution
		SolutionGuid = {8D4CD414-3FB1-4F9A-A20D-D46E40D5D125}
	EndGlobalSection
EndGlobal
