
Microsoft Visual Studio Solution File, Format Version 12.00
# Visual Studio Version 17
VisualStudioVersion = 17.7.34018.315
MinimumVisualStudioVersion = 10.0.40219.1
Project("{FAE04EC0-301F-11D3-BF4B-00C04F79EFBC}") = "WebApiBookstore", "WebApiBookstore.csproj", "{DC7A83D1-CCE4-4527-ACB1-471FABE4CB9F}"
EndProject
Project("{FAE04EC0-301F-11D3-BF4B-00C04F79EFBC}") = "Bookstore.core", "..\Bookstore.core\Bookstore.core.csproj", "{08D27CF1-66B2-41FE-B253-0D66964FE686}"
EndProject
Global
	GlobalSection(SolutionConfigurationPlatforms) = preSolution
		Debug|Any CPU = Debug|Any CPU
		Release|Any CPU = Release|Any CPU
	EndGlobalSection
	GlobalSection(ProjectConfigurationPlatforms) = postSolution
		{DC7A83D1-CCE4-4527-ACB1-471FABE4CB9F}.Debug|Any CPU.ActiveCfg = Debug|Any CPU
		{DC7A83D1-CCE4-4527-ACB1-471FABE4CB9F}.Debug|Any CPU.Build.0 = Debug|Any CPU
		{DC7A83D1-CCE4-4527-ACB1-471FABE4CB9F}.Release|Any CPU.ActiveCfg = Release|Any CPU
		{DC7A83D1-CCE4-4527-ACB1-471FABE4CB9F}.Release|Any CPU.Build.0 = Release|Any CPU
		{08D27CF1-66B2-41FE-B253-0D66964FE686}.Debug|Any CPU.ActiveCfg = Debug|Any CPU
		{08D27CF1-66B2-41FE-B253-0D66964FE686}.Debug|Any CPU.Build.0 = Debug|Any CPU
		{08D27CF1-66B2-41FE-B253-0D66964FE686}.Release|Any CPU.ActiveCfg = Release|Any CPU
		{08D27CF1-66B2-41FE-B253-0D66964FE686}.Release|Any CPU.Build.0 = Release|Any CPU
	EndGlobalSection
	GlobalSection(SolutionProperties) = preSolution
		HideSolutionNode = FALSE
	EndGlobalSection
	GlobalSection(ExtensibilityGlobals) = postSolution
		SolutionGuid = {B04C1908-0C89-4E85-8944-3E2A254EC275}
	EndGlobalSection
EndGlobal
